
Microsoft Visual Studio Solution File, Format Version 12.00
# Visual Studio Version 17
VisualStudioVersion = 17.10.35027.167
MinimumVisualStudioVersion = 10.0.40219.1
Project("{FAE04EC0-301F-11D3-BF4B-00C04F79EFBC}") = "Encine.IoTMonitor.Api", "src\Encine.IoTMonitor.Api\Encine.IoTMonitor.Api.csproj", "{D3A66B1F-3618-44F5-950B-8FA6A9811F5F}"
EndProject
Project("{FAE04EC0-301F-11D3-BF4B-00C04F79EFBC}") = "Encine.IoTMonitor.Domain", "src\Encine.IoTMonitor.Domain\Encine.IoTMonitor.Domain.csproj", "{B6BB19EF-AF66-4A2E-B22F-332409C2A2DA}"
EndProject
Project("{FAE04EC0-301F-11D3-BF4B-00C04F79EFBC}") = "Encine.IoTMonitor.Infrastructure", "src\Encine.IoTMonitor.Infrastructure\Encine.IoTMonitor.Infrastructure.csproj", "{E3EBA9E8-5CBA-4C3E-8832-9661CB70B603}"
EndProject
Project("{FAE04EC0-301F-11D3-BF4B-00C04F79EFBC}") = "Encine.IoTMonitor.UseCases", "src\Encine.IoTMonitor.UseCases\Encine.IoTMonitor.UseCases.csproj", "{7828AEBE-95C3-4813-9F6C-E31AFEFD8263}"
EndProject
Global
	GlobalSection(SolutionConfigurationPlatforms) = preSolution
		Debug|Any CPU = Debug|Any CPU
		Release|Any CPU = Release|Any CPU
	EndGlobalSection
	GlobalSection(ProjectConfigurationPlatforms) = postSolution
		{D3A66B1F-3618-44F5-950B-8FA6A9811F5F}.Debug|Any CPU.ActiveCfg = Debug|Any CPU
		{D3A66B1F-3618-44F5-950B-8FA6A9811F5F}.Debug|Any CPU.Build.0 = Debug|Any CPU
		{D3A66B1F-3618-44F5-950B-8FA6A9811F5F}.Release|Any CPU.ActiveCfg = Release|Any CPU
		{D3A66B1F-3618-44F5-950B-8FA6A9811F5F}.Release|Any CPU.Build.0 = Release|Any CPU
		{B6BB19EF-AF66-4A2E-B22F-332409C2A2DA}.Debug|Any CPU.ActiveCfg = Debug|Any CPU
		{B6BB19EF-AF66-4A2E-B22F-332409C2A2DA}.Debug|Any CPU.Build.0 = Debug|Any CPU
		{B6BB19EF-AF66-4A2E-B22F-332409C2A2DA}.Release|Any CPU.ActiveCfg = Release|Any CPU
		{B6BB19EF-AF66-4A2E-B22F-332409C2A2DA}.Release|Any CPU.Build.0 = Release|Any CPU
		{E3EBA9E8-5CBA-4C3E-8832-9661CB70B603}.Debug|Any CPU.ActiveCfg = Debug|Any CPU
		{E3EBA9E8-5CBA-4C3E-8832-9661CB70B603}.Debug|Any CPU.Build.0 = Debug|Any CPU
		{E3EBA9E8-5CBA-4C3E-8832-9661CB70B603}.Release|Any CPU.ActiveCfg = Release|Any CPU
		{E3EBA9E8-5CBA-4C3E-8832-9661CB70B603}.Release|Any CPU.Build.0 = Release|Any CPU
		{7828AEBE-95C3-4813-9F6C-E31AFEFD8263}.Debug|Any CPU.ActiveCfg = Debug|Any CPU
		{7828AEBE-95C3-4813-9F6C-E31AFEFD8263}.Debug|Any CPU.Build.0 = Debug|Any CPU
		{7828AEBE-95C3-4813-9F6C-E31AFEFD8263}.Release|Any CPU.ActiveCfg = Release|Any CPU
		{7828AEBE-95C3-4813-9F6C-E31AFEFD8263}.Release|Any CPU.Build.0 = Release|Any CPU
	EndGlobalSection
	GlobalSection(SolutionProperties) = preSolution
		HideSolutionNode = FALSE
	EndGlobalSection
	GlobalSection(ExtensibilityGlobals) = postSolution
		SolutionGuid = {320B60E3-1A94-4998-8EA4-EA41EC19C262}
	EndGlobalSection
EndGlobal
